Microsoft Visual Studio Solution File, Format Version 11.00
# Visual Studio 2008

Project("{F6E1DCF1-CB53-5249-7950-65C94046C5E2}") = "Buffet Hero", "Assembly-CSharp-firstpass-vs.csproj", "{6E223C86-5050-CFE0-E7A2-10A9612DF1B9}"
EndProject
Project("{F6E1DCF1-CB53-5249-7950-65C94046C5E2}") = "Buffet Hero", "Assembly-CSharp-vs.csproj", "{D995F227-04B4-44DB-1C7F-C7B7E6DD35E2}"
EndProject
Project("{F6E1DCF1-CB53-5249-7950-65C94046C5E2}") = "Buffet Hero", "Assembly-CSharp-Editor-vs.csproj", "{587CC12D-911C-1DC3-A0FE-195B34BC3349}"
EndProject
Global
	GlobalSection(SolutionConfigurationPlatforms) = preSolution
		Debug|Any CPU = Debug|Any CPU
		Release|Any CPU = Release|Any CPU
	EndGlobalSection
	GlobalSection(ProjectConfigurationPlatforms) = postSolution
		{6E223C86-5050-CFE0-E7A2-10A9612DF1B9}.Debug|Any CPU.ActiveCfg = Debug|Any CPU
		{6E223C86-5050-CFE0-E7A2-10A9612DF1B9}.Debug|Any CPU.Build.0 = Debug|Any CPU
		{6E223C86-5050-CFE0-E7A2-10A9612DF1B9}.Release|Any CPU.ActiveCfg = Release|Any CPU
		{6E223C86-5050-CFE0-E7A2-10A9612DF1B9}.Release|Any CPU.Build.0 = Release|Any CPU
		{D995F227-04B4-44DB-1C7F-C7B7E6DD35E2}.Debug|Any CPU.ActiveCfg = Debug|Any CPU
		{D995F227-04B4-44DB-1C7F-C7B7E6DD35E2}.Debug|Any CPU.Build.0 = Debug|Any CPU
		{D995F227-04B4-44DB-1C7F-C7B7E6DD35E2}.Release|Any CPU.ActiveCfg = Release|Any CPU
		{D995F227-04B4-44DB-1C7F-C7B7E6DD35E2}.Release|Any CPU.Build.0 = Release|Any CPU
		{587CC12D-911C-1DC3-A0FE-195B34BC3349}.Debug|Any CPU.ActiveCfg = Debug|Any CPU
		{587CC12D-911C-1DC3-A0FE-195B34BC3349}.Debug|Any CPU.Build.0 = Debug|Any CPU
		{587CC12D-911C-1DC3-A0FE-195B34BC3349}.Release|Any CPU.ActiveCfg = Release|Any CPU
		{587CC12D-911C-1DC3-A0FE-195B34BC3349}.Release|Any CPU.Build.0 = Release|Any CPU
	EndGlobalSection
	GlobalSection(SolutionProperties) = preSolution
		HideSolutionNode = FALSE
	EndGlobalSection
																											GlobalSection(MonoDevelopProperties) = preSolution
		StartupItem = Assembly-CSharp.csproj
		Policies = $0
		$0.TextStylePolicy = $1
		$1.inheritsSet = null
		$1.scope = text/x-csharp
		$0.CSharpFormattingPolicy = $2
		$2.inheritsSet = Mono
		$2.inheritsScope = text/x-csharp
		$2.scope = text/x-csharp
		$0.TextStylePolicy = $3
		$3.FileWidth = 120
		$3.TabWidth = 4
		$3.EolMarker = Unix
		$3.inheritsSet = Mono
		$3.inheritsScope = text/plain
		$3.scope = text/plain
	EndGlobalSection

EndGlobal
